{
    "_meta": {
        "hash": {
            "sha256": "5c71921f842a521d563fe21be210a96e9cf43c9820eca88ba7012d86e6ff93d7"
        },
        "pipfile-spec": 6,
        "requires": {
            "python_version": "3.6"
        },
        "sources": [
            {
                "name": "pypi",
                "url": "https://pypi.org/simple",
                "verify_ssl": true
            }
        ]
    },
    "default": {
        "fusepy": {
            "hashes": [
                "sha256:10f5c7f5414241bffecdc333c4d3a725f1d6605cae6b4eaf86a838ff49cdaf6c",
                "sha256:a9f3a3699080ddcf0919fd1eb2cf743e1f5859ca54c2018632f939bdfac269ee"
            ],
            "index": "pypi",
            "version": "==2.0.4"
        }
    },
    "develop": {}
}
